{
  "version": 4,
  "terraform_version": "1.4.6",
  "serial": 4,
  "lineage": "399bf49a-dd06-a1d5-aa0a-4a0ff224f1aa",
  "outputs": {},
  "resources": [
    {
      "mode": "managed",
      "type": "azurerm_linux_web_app",
      "name": "webapp",
      "provider": "provider[\"registry.terraform.io/hashicorp/azurerm\"]",
      "instances": [
        {
          "schema_version": 0,
          "attributes": {
            "app_settings": null,
            "auth_settings": [],
            "auth_settings_v2": [],
            "backup": [],
            "client_affinity_enabled": false,
            "client_certificate_enabled": false,
            "client_certificate_exclusion_paths": "",
            "client_certificate_mode": "Required",
            "connection_string": [],
            "custom_domain_verification_id": "50D4FE0FE06885C82ABA6147146024AB217F5C9BD9DF8DE11609167091DE8E31",
            "default_hostname": "valheim-webapp.azurewebsites.net",
            "enabled": true,
            "hosting_environment_id": "",
            "https_only": false,
            "id": "/subscriptions/0a9f9402-d628-49c9-b094-58e8b66413a8/resourceGroups/valheim-infra/providers/Microsoft.Web/sites/valheim-webapp",
            "identity": [],
            "key_vault_reference_identity_id": "SystemAssigned",
            "kind": "app,linux",
            "location": "northeurope",
            "logs": [],
            "name": "valheim-webapp",
            "outbound_ip_address_list": [
              "20.93.121.108",
              "20.93.121.131",
              "20.93.121.159",
              "20.93.121.162",
              "20.93.121.253",
              "20.93.122.21",
              "20.107.224.22"
            ],
            "outbound_ip_addresses": "20.93.121.108,20.93.121.131,20.93.121.159,20.93.121.162,20.93.121.253,20.93.122.21,20.107.224.22",
            "possible_outbound_ip_address_list": [
              "20.82.203.237",
              "20.82.206.180",
              "20.82.207.144",
              "20.93.120.34",
              "20.93.120.154",
              "20.93.120.238",
              "20.93.121.108",
              "20.93.121.131",
              "20.93.121.159",
              "20.93.121.162",
              "20.93.121.253",
              "20.93.122.21",
              "20.93.122.47",
              "20.93.122.66",
              "20.93.122.134",
              "20.93.122.188",
              "20.93.122.196",
              "20.93.123.84",
              "20.93.123.108",
              "20.93.123.149",
              "20.93.124.16",
              "20.82.201.188",
              "20.93.124.55",
              "20.93.124.60",
              "20.107.224.22"
            ],
            "possible_outbound_ip_addresses": "20.82.203.237,20.82.206.180,20.82.207.144,20.93.120.34,20.93.120.154,20.93.120.238,20.93.121.108,20.93.121.131,20.93.121.159,20.93.121.162,20.93.121.253,20.93.122.21,20.93.122.47,20.93.122.66,20.93.122.134,20.93.122.188,20.93.122.196,20.93.123.84,20.93.123.108,20.93.123.149,20.93.124.16,20.82.201.188,20.93.124.55,20.93.124.60,20.107.224.22",
            "resource_group_name": "valheim-infra",
            "service_plan_id": "/subscriptions/0a9f9402-d628-49c9-b094-58e8b66413a8/resourceGroups/valheim-infra/providers/Microsoft.Web/serverfarms/valheim-serviceplan",
            "site_config": [
              {
                "always_on": true,
                "api_definition_url": "",
                "api_management_api_id": "",
                "app_command_line": "",
                "application_stack": [
                  {
                    "docker_image": "",
                    "docker_image_tag": "",
                    "dotnet_version": "",
                    "go_version": "",
                    "java_server": "",
                    "java_server_version": "",
                    "java_version": "",
                    "node_version": "",
                    "php_version": "",
                    "python_version": "",
                    "ruby_version": ""
                  }
                ],
                "auto_heal_enabled": false,
                "auto_heal_setting": [],
                "container_registry_managed_identity_client_id": "",
                "container_registry_use_managed_identity": false,
                "cors": [],
                "default_documents": [
                  "Default.htm",
                  "Default.html",
                  "Default.asp",
                  "index.htm",
                  "index.html",
                  "iisstart.htm",
                  "default.aspx",
                  "index.php",
                  "hostingstart.html"
                ],
                "detailed_error_logging_enabled": false,
                "ftps_state": "Disabled",
                "health_check_eviction_time_in_min": 0,
                "health_check_path": "",
                "http2_enabled": false,
                "ip_restriction": [],
                "linux_fx_version": "",
                "load_balancing_mode": "LeastRequests",
                "local_mysql_enabled": false,
                "managed_pipeline_mode": "Integrated",
                "minimum_tls_version": "1.2",
                "remote_debugging_enabled": false,
                "remote_debugging_version": "VS2019",
                "scm_ip_restriction": [],
                "scm_minimum_tls_version": "1.2",
                "scm_type": "None",
                "scm_use_main_ip_restriction": false,
                "use_32_bit_worker": true,
                "vnet_route_all_enabled": false,
                "websockets_enabled": false,
                "worker_count": 1
              }
            ],
            "site_credential": [
              {
                "name": "$valheim-webapp",
                "password": "N9Zmypdp83qdad2Q71Jvq5obo19w4Yays5GlKmK9t9iai0wbpLwjdYe6999z"
              }
            ],
            "sticky_settings": [],
            "storage_account": [],
            "tags": null,
            "timeouts": null,
            "virtual_network_subnet_id": "",
            "zip_deploy_file": ""
          },
          "sensitive_attributes": [],
          "private": "eyJlMmJmYjczMC1lY2FhLTExZTYtOGY4OC0zNDM2M2JjN2M0YzAiOnsiY3JlYXRlIjoxODAwMDAwMDAwMDAwLCJkZWxldGUiOjE4MDAwMDAwMDAwMDAsInJlYWQiOjMwMDAwMDAwMDAwMCwidXBkYXRlIjoxODAwMDAwMDAwMDAwfX0=",
          "dependencies": [
            "azurerm_resource_group.rg",
            "azurerm_service_plan.sp"
          ]
        }
      ]
    },
    {
      "mode": "managed",
      "type": "azurerm_resource_group",
      "name": "rg",
      "provider": "provider[\"registry.terraform.io/hashicorp/azurerm\"]",
      "instances": [
        {
          "schema_version": 0,
          "attributes": {
            "id": "/subscriptions/0a9f9402-d628-49c9-b094-58e8b66413a8/resourceGroups/valheim-infra",
            "location": "northeurope",
            "name": "valheim-infra",
            "tags": null,
            "timeouts": null
          },
          "sensitive_attributes": [],
          "private": "eyJlMmJmYjczMC1lY2FhLTExZTYtOGY4OC0zNDM2M2JjN2M0YzAiOnsiY3JlYXRlIjo1NDAwMDAwMDAwMDAwLCJkZWxldGUiOjU0MDAwMDAwMDAwMDAsInJlYWQiOjMwMDAwMDAwMDAwMCwidXBkYXRlIjo1NDAwMDAwMDAwMDAwfX0="
        }
      ]
    },
    {
      "mode": "managed",
      "type": "azurerm_service_plan",
      "name": "sp",
      "provider": "provider[\"registry.terraform.io/hashicorp/azurerm\"]",
      "instances": [
        {
          "schema_version": 0,
          "attributes": {
            "app_service_environment_id": "",
            "id": "/subscriptions/0a9f9402-d628-49c9-b094-58e8b66413a8/resourceGroups/valheim-infra/providers/Microsoft.Web/serverfarms/valheim-serviceplan",
            "kind": "linux",
            "location": "northeurope",
            "maximum_elastic_worker_count": 1,
            "name": "valheim-serviceplan",
            "os_type": "Linux",
            "per_site_scaling_enabled": false,
            "reserved": true,
            "resource_group_name": "valheim-infra",
            "sku_name": "P1v2",
            "tags": null,
            "timeouts": null,
            "worker_count": 1,
            "zone_balancing_enabled": false
          },
          "sensitive_attributes": [],
          "private": "eyJlMmJmYjczMC1lY2FhLTExZTYtOGY4OC0zNDM2M2JjN2M0YzAiOnsiY3JlYXRlIjozNjAwMDAwMDAwMDAwLCJkZWxldGUiOjM2MDAwMDAwMDAwMDAsInJlYWQiOjMwMDAwMDAwMDAwMCwidXBkYXRlIjozNjAwMDAwMDAwMDAwfX0=",
          "dependencies": [
            "azurerm_resource_group.rg"
          ]
        }
      ]
    }
  ],
  "check_results": null
}
